# generated by rye
# use `rye lock` or `rye sync` to update this lockfile
#
# last locked with the following flags:
#   pre: false
#   features: []
#   all-features: false
#   with-sources: false
#   generate-hashes: false
#   universal: false

-e file:.
aiosqlite==0.22.0
    # via prefect
alembic==1.17.2
    # via prefect
annotated-doc==0.0.4
    # via fastapi
annotated-types==0.7.0
    # via pydantic
anyio==4.12.0
    # via httpx
    # via prefect
    # via starlette
apprise==1.9.6
    # via prefect
asgi-lifespan==2.1.0
    # via prefect
async-timeout==5.0.1
    # via asyncpg
    # via redis
asyncpg==0.31.0
    # via prefect
attrs==25.4.0
    # via jsonschema
    # via referencing
beartype==0.22.9
    # via py-key-value-aio
    # via py-key-value-shared
cachetools==6.2.4
    # via prefect
    # via py-key-value-aio
certifi==2025.11.12
    # via apprise
    # via httpcore
    # via httpx
    # via requests
cffi==2.0.0
    # via cryptography
charset-normalizer==3.4.4
    # via requests
click==8.3.1
    # via apprise
    # via prefect
    # via typer
    # via uvicorn
cloudpickle==3.1.2
    # via prefect
    # via pydocket
colorama==0.4.6
    # via griffe
coolname==2.2.0
    # via prefect
cryptography==46.0.3
    # via prefect
dateparser==1.2.2
    # via prefect
docker==7.1.0
    # via prefect
    # via prefect-docker
exceptiongroup==1.3.1
    # via anyio
    # via prefect
    # via prefect-docker
    # via pydocket
fakeredis==2.32.1
    # via pydocket
fastapi==0.124.4
    # via prefect
fsspec==2025.12.0
    # via prefect
graphviz==0.21
    # via prefect
greenlet==3.3.0
    # via sqlalchemy
griffe==1.15.0
    # via prefect
h11==0.16.0
    # via httpcore
    # via uvicorn
h2==4.3.0
    # via httpx
hpack==4.1.0
    # via h2
httpcore==1.0.9
    # via httpx
    # via prefect
httpx==0.28.1
    # via prefect
humanize==4.14.0
    # via jinja2-humanize-extension
    # via prefect
hyperframe==6.1.0
    # via h2
idna==3.11
    # via anyio
    # via httpx
    # via requests
importlib-metadata==8.7.0
    # via opentelemetry-api
jinja2==3.1.6
    # via jinja2-humanize-extension
    # via prefect
jinja2-humanize-extension==0.4.0
    # via prefect
jsonpatch==1.33
    # via prefect
jsonpointer==3.0.0
    # via jsonpatch
jsonschema==4.25.1
    # via prefect
jsonschema-specifications==2025.9.1
    # via jsonschema
lupa==2.6
    # via fakeredis
mako==1.3.10
    # via alembic
markdown==3.10
    # via apprise
markdown-it-py==4.0.0
    # via rich
markupsafe==3.0.3
    # via jinja2
    # via mako
mdurl==0.1.2
    # via markdown-it-py
oauthlib==3.3.1
    # via requests-oauthlib
opentelemetry-api==1.39.1
    # via opentelemetry-exporter-prometheus
    # via opentelemetry-instrumentation
    # via opentelemetry-sdk
    # via opentelemetry-semantic-conventions
    # via prefect
    # via pydocket
opentelemetry-exporter-prometheus==0.60b1
    # via pydocket
opentelemetry-instrumentation==0.60b1
    # via pydocket
opentelemetry-sdk==1.39.1
    # via opentelemetry-exporter-prometheus
opentelemetry-semantic-conventions==0.60b1
    # via opentelemetry-instrumentation
    # via opentelemetry-sdk
orjson==3.11.5
    # via prefect
packaging==25.0
    # via opentelemetry-instrumentation
    # via prefect
pathspec==0.12.1
    # via prefect
pendulum==3.1.0
    # via prefect
pluggy==1.6.0
    # via prefect
prefect==3.6.6
    # via prefect-docker
    # via prefect-slurm-worker
prefect-docker==0.6.6
    # via prefect
prometheus-client==0.23.1
    # via opentelemetry-exporter-prometheus
    # via prefect
    # via pydocket
py-key-value-aio==0.3.0
    # via pydocket
py-key-value-shared==0.3.0
    # via py-key-value-aio
pycparser==2.23
    # via cffi
pydantic==2.12.5
    # via fastapi
    # via prefect
    # via pydantic-extra-types
    # via pydantic-settings
pydantic-core==2.41.5
    # via prefect
    # via pydantic
pydantic-extra-types==2.10.6
    # via prefect
pydantic-settings==2.12.0
    # via prefect
pydocket==0.15.5
    # via prefect
pygments==2.19.2
    # via rich
python-dateutil==2.9.0.post0
    # via dateparser
    # via pendulum
    # via prefect
python-dotenv==1.2.1
    # via pydantic-settings
python-json-logger==4.0.0
    # via pydocket
python-slugify==8.0.4
    # via prefect
pytz==2025.2
    # via dateparser
    # via prefect
pyyaml==6.0.3
    # via apprise
    # via prefect
readchar==4.2.1
    # via prefect
redis==7.1.0
    # via fakeredis
    # via py-key-value-aio
    # via pydocket
referencing==0.37.0
    # via jsonschema
    # via jsonschema-specifications
regex==2025.11.3
    # via dateparser
requests==2.32.5
    # via apprise
    # via docker
    # via requests-oauthlib
requests-oauthlib==2.0.0
    # via apprise
rfc3339-validator==0.1.4
    # via prefect
rich==14.2.0
    # via prefect
    # via pydocket
    # via typer
rpds-py==0.30.0
    # via jsonschema
    # via referencing
ruamel-yaml==0.18.16
    # via prefect
ruamel-yaml-clib==0.2.15
    # via ruamel-yaml
semver==3.0.4
    # via prefect
shellingham==1.5.4
    # via typer
six==1.17.0
    # via python-dateutil
    # via rfc3339-validator
sniffio==1.3.1
    # via asgi-lifespan
    # via prefect
sortedcontainers==2.4.0
    # via fakeredis
sqlalchemy==2.0.45
    # via alembic
    # via prefect
starlette==0.50.0
    # via fastapi
text-unidecode==1.3
    # via python-slugify
toml==0.10.2
    # via prefect
tomli==2.3.0
    # via alembic
typer==0.19.2
    # via prefect
    # via pydocket
typing-extensions==4.15.0
    # via alembic
    # via anyio
    # via cryptography
    # via exceptiongroup
    # via fakeredis
    # via fastapi
    # via opentelemetry-api
    # via opentelemetry-sdk
    # via opentelemetry-semantic-conventions
    # via prefect
    # via py-key-value-shared
    # via pydantic
    # via pydantic-core
    # via pydantic-extra-types
    # via pydocket
    # via referencing
    # via sqlalchemy
    # via starlette
    # via typer
    # via typing-inspection
    # via uvicorn
typing-inspection==0.4.2
    # via pydantic
    # via pydantic-settings
tzdata==2025.3
    # via pendulum
tzlocal==5.3.1
    # via dateparser
urllib3==2.6.2
    # via docker
    # via requests
uv==0.9.17
    # via prefect
uvicorn==0.38.0
    # via prefect
websockets==15.0.1
    # via prefect
wrapt==1.17.3
    # via opentelemetry-instrumentation
zipp==3.23.0
    # via importlib-metadata
