[tools.actionlint]
version = "1.7.7"
backend = "aqua:rhysd/actionlint"

[tools.actionlint.checksums]
"actionlint_1.7.7_linux_amd64.tar.gz" = "sha256:023070a287cd8cccd71515fedc843f1985bf96c436b7effaecce67290e7e0757"

[tools.jq]
version = "1.7.1"
backend = "aqua:jqlang/jq"

[tools.pre-commit]
version = "4.1.0"
backend = "aqua:pre-commit/pre-commit"

[tools.ruff]
version = "0.11.0"
backend = "aqua:astral-sh/ruff"

[tools.ruff.checksums]
"ruff-x86_64-unknown-linux-musl.tar.gz" = "sha256:3148cd8131ec4f525551b16a57186f5533c705950269cbee7674d484ca6eefe5"

[tools.uv]
version = "0.6.6"
backend = "aqua:astral-sh/uv"

[tools.uv.checksums]
"uv-x86_64-unknown-linux-musl.tar.gz" = "sha256:bcc30541d54156d434a74d6070a44c333263edc65ea423d3039cb8112ed78c95"
